# This file is automatically @generated by Cargo.
# It is not intended for manual editing.
version = 4

[[package]]
name = "aporia-dsl"
version = "0.1.0"
dependencies = [
 "aporia-ir",
]

[[package]]
name = "aporia-ir"
version = "0.1.0"

[[package]]
name = "aporia-runtime"
version = "0.1.0"
dependencies = [
 "aporia-dsl",
 "aporia-ir",
]
