# This file is automatically @generated by Cargo.
# It is not intended for manual editing.
version = 4

[[package]]
name = "aporia-adapter"
version = "0.1.0"
dependencies = [
 "aporia-dsl",
 "aporia-ir",
 "aporia-runtime",
 "aporia-search",
 "aporia-store",
]

[[package]]
name = "aporia-bench"
version = "0.1.0"
dependencies = [
 "aporia-boundary",
 "aporia-dsl",
 "aporia-evidence",
 "aporia-ir",
 "aporia-minimize",
 "aporia-numerics",
 "aporia-properties",
 "aporia-runtime",
 "aporia-search",
 "aporia-store",
]

[[package]]
name = "aporia-boundary"
version = "0.1.0"
dependencies = [
 "aporia-evidence",
 "aporia-ir",
]

[[package]]
name = "aporia-cli"
version = "0.1.0"
dependencies = [
 "aporia-adapter",
 "aporia-bench",
 "aporia-dsl",
 "aporia-ir",
 "aporia-runtime",
 "aporia-search",
 "aporia-store",
]

[[package]]
name = "aporia-dsl"
version = "0.1.0"
dependencies = [
 "aporia-ir",
]

[[package]]
name = "aporia-evidence"
version = "0.1.0"
dependencies = [
 "aporia-ir",
]

[[package]]
name = "aporia-ir"
version = "0.1.0"

[[package]]
name = "aporia-minimize"
version = "0.1.0"
dependencies = [
 "aporia-dsl",
 "aporia-evidence",
 "aporia-ir",
 "aporia-properties",
 "aporia-runtime",
]

[[package]]
name = "aporia-numerics"
version = "0.1.0"
dependencies = [
 "aporia-dsl",
 "aporia-ir",
]

[[package]]
name = "aporia-properties"
version = "0.1.0"
dependencies = [
 "aporia-dsl",
 "aporia-evidence",
 "aporia-ir",
 "aporia-numerics",
 "aporia-runtime",
]

[[package]]
name = "aporia-runtime"
version = "0.1.0"
dependencies = [
 "aporia-dsl",
 "aporia-ir",
]

[[package]]
name = "aporia-search"
version = "0.1.0"
dependencies = [
 "aporia-boundary",
 "aporia-dsl",
 "aporia-evidence",
 "aporia-ir",
 "aporia-numerics",
 "aporia-properties",
 "aporia-runtime",
 "aporia-store",
]

[[package]]
name = "aporia-store"
version = "0.1.0"
dependencies = [
 "aporia-boundary",
 "aporia-dsl",
 "aporia-evidence",
 "aporia-ir",
 "aporia-runtime",
]
